// !$*UTF8*$!
{
	archiveVersion = 1;
	classes = {
	};
	objectVersion = 51;
	objects = {

/* Begin PBXBuildFile section */
		5FBE369504FAB6A8400DD241 /* Pods_GXDZ.framework in Frameworks */ = {isa = PBXBuildFile; fileRef = A42F9E350AA40E2FB32990EA /* Pods_GXDZ.framework */; };
		671C48BA24972D57007E7E60 /* ZYSubTagItem.m in Sources */ = {isa = PBXBuildFile; fileRef = 671C48B924972D57007E7E60 /* ZYSubTagItem.m */; };
		671C48BD24972FF4007E7E60 /* ZYSubTagCell.m in Sources */ = {isa = PBXBuildFile; fileRef = 671C48BC24972FF4007E7E60 /* ZYSubTagCell.m */; };
		671C48C02497CB86007E7E60 /* ZYTopBar.m in Sources */ = {isa = PBXBuildFile; fileRef = 671C48BF2497CB86007E7E60 /* ZYTopBar.m */; };
		671C48CC2497CD34007E7E60 /* ZYMiddleBar.m in Sources */ = {isa = PBXBuildFile; fileRef = 671C48CB2497CD34007E7E60 /* ZYMiddleBar.m */; };
		671C48CF2497CD6C007E7E60 /* ZYBottomBar.m in Sources */ = {isa = PBXBuildFile; fileRef = 671C48CE2497CD6C007E7E60 /* ZYBottomBar.m */; };
		671C48D224987DC1007E7E60 /* ZYQuickLogonButton.m in Sources */ = {isa = PBXBuildFile; fileRef = 671C48D124987DC1007E7E60 /* ZYQuickLogonButton.m */; };
		671C48D52498B492007E7E60 /* UIImage+ZYRevised.m in Sources */ = {isa = PBXBuildFile; fileRef = 671C48D42498B492007E7E60 /* UIImage+ZYRevised.m */; };
		671C48D82498BC83007E7E60 /* ZYLoginRegisterView.m in Sources */ = {isa = PBXBuildFile; fileRef = 671C48D72498BC83007E7E60 /* ZYLoginRegisterView.m */; };
		671C48DB2498BECF007E7E60 /* ZYLoginView.m in Sources */ = {isa = PBXBuildFile; fileRef = 671C48DA2498BECF007E7E60 /* ZYLoginView.m */; };
		671C48DE2498BF5F007E7E60 /* ZYRegisterView.m in Sources */ = {isa = PBXBuildFile; fileRef = 671C48DD2498BF5F007E7E60 /* ZYRegisterView.m */; };
		671C48E02498D843007E7E60 /* ZYLogOnViewController.m in Sources */ = {isa = PBXBuildFile; fileRef = 671C48DF2498D843007E7E60 /* ZYLogOnViewController.m */; };
		671C48E32498E8D1007E7E60 /* ZYTextField.m in Sources */ = {isa = PBXBuildFile; fileRef = 671C48E22498E8D1007E7E60 /* ZYTextField.m */; };
		671C48E62499058B007E7E60 /* UITextField+ZYPlaceholderColor.m in Sources */ = {isa = PBXBuildFile; fileRef = 671C48E52499058B007E7E60 /* UITextField+ZYPlaceholderColor.m */; };
		671C48E92499CDF0007E7E60 /* ZYFooterView.m in Sources */ = {isa = PBXBuildFile; fileRef = 671C48E82499CDF0007E7E60 /* ZYFooterView.m */; };
		671C48EC2499DA20007E7E60 /* ZYSquareItem.m in Sources */ = {isa = PBXBuildFile; fileRef = 671C48EB2499DA20007E7E60 /* ZYSquareItem.m */; };
		671C48EF2499DDA4007E7E60 /* ZYFooterCell.m in Sources */ = {isa = PBXBuildFile; fileRef = 671C48EE2499DDA4007E7E60 /* ZYFooterCell.m */; };
		671C48F7249A51C3007E7E60 /* ZYSettingBaseViewController.m in Sources */ = {isa = PBXBuildFile; fileRef = 671C48F6249A51C3007E7E60 /* ZYSettingBaseViewController.m */; };
		671C4900249A52A9007E7E60 /* ZYArrowItem.m in Sources */ = {isa = PBXBuildFile; fileRef = 671C48F8249A52A9007E7E60 /* ZYArrowItem.m */; };
		671C4901249A52A9007E7E60 /* ZYSwitchItem.m in Sources */ = {isa = PBXBuildFile; fileRef = 671C48F9249A52A9007E7E60 /* ZYSwitchItem.m */; };
		671C4902249A52A9007E7E60 /* ZYGroupItem.m in Sources */ = {isa = PBXBuildFile; fileRef = 671C48FA249A52A9007E7E60 /* ZYGroupItem.m */; };
		671C4903249A52A9007E7E60 /* ZYRowItem.m in Sources */ = {isa = PBXBuildFile; fileRef = 671C48FB249A52A9007E7E60 /* ZYRowItem.m */; };
		671C4906249A5319007E7E60 /* ZYSettingCell.m in Sources */ = {isa = PBXBuildFile; fileRef = 671C4905249A5319007E7E60 /* ZYSettingCell.m */; };
		671C4970249B4931007E7E60 /* ZYTopTabBarController.m in Sources */ = {isa = PBXBuildFile; fileRef = 671C496F249B4931007E7E60 /* ZYTopTabBarController.m */; };
		671C498C249DA761007E7E60 /* ZYTopicCell.m in Sources */ = {isa = PBXBuildFile; fileRef = 671C498B249DA761007E7E60 /* ZYTopicCell.m */; };
		671C4990249DFDD3007E7E60 /* ZYTopicTextView.m in Sources */ = {isa = PBXBuildFile; fileRef = 671C498F249DFDD3007E7E60 /* ZYTopicTextView.m */; };
		671C4993249DFF49007E7E60 /* ZYTopicItem.m in Sources */ = {isa = PBXBuildFile; fileRef = 671C4992249DFF49007E7E60 /* ZYTopicItem.m */; };
		671C4996249E2586007E7E60 /* ZYTopicPictView.m in Sources */ = {isa = PBXBuildFile; fileRef = 671C4995249E2586007E7E60 /* ZYTopicPictView.m */; };
		671C4999249E267A007E7E60 /* ZYProgressView.m in Sources */ = {isa = PBXBuildFile; fileRef = 671C4998249E267A007E7E60 /* ZYProgressView.m */; };
		671C499C249E5125007E7E60 /* ZYTopicVideoView.m in Sources */ = {isa = PBXBuildFile; fileRef = 671C499B249E5125007E7E60 /* ZYTopicVideoView.m */; };
		671C499F249E5F42007E7E60 /* ZYTopicVoiceView.m in Sources */ = {isa = PBXBuildFile; fileRef = 671C499E249E5F42007E7E60 /* ZYTopicVoiceView.m */; };
		671C49A2249EFF97007E7E60 /* ZYTopicCommentView.m in Sources */ = {isa = PBXBuildFile; fileRef = 671C49A1249EFF97007E7E60 /* ZYTopicCommentView.m */; };
		671C49A5249F0215007E7E60 /* ZYCommentItem.m in Sources */ = {isa = PBXBuildFile; fileRef = 671C49A4249F0215007E7E60 /* ZYCommentItem.m */; };
		671C49AB249F1551007E7E60 /* ZYTopicBottomView.m in Sources */ = {isa = PBXBuildFile; fileRef = 671C49AA249F1551007E7E60 /* ZYTopicBottomView.m */; };
		671C49B1249F4C04007E7E60 /* NSDate+ZYDate.m in Sources */ = {isa = PBXBuildFile; fileRef = 671C49B0249F4C04007E7E60 /* NSDate+ZYDate.m */; };
		671C49B4249F6279007E7E60 /* ZYEnlargePictViewController.m in Sources */ = {isa = PBXBuildFile; fileRef = 671C49B3249F6279007E7E60 /* ZYEnlargePictViewController.m */; };
		671C49B724A037A7007E7E60 /* ZYPhotoManager.m in Sources */ = {isa = PBXBuildFile; fileRef = 671C49B624A037A7007E7E60 /* ZYPhotoManager.m */; };
		671C49C024A1FEF4007E7E60 /* ZYTopicViewController.m in Sources */ = {isa = PBXBuildFile; fileRef = 671C49BF24A1FEF4007E7E60 /* ZYTopicViewController.m */; };
		671C49C224A205BD007E7E60 /* ZYUserItem.m in Sources */ = {isa = PBXBuildFile; fileRef = 671C49C124A205BD007E7E60 /* ZYUserItem.m */; };
		67AEAD4C2493A8E100A57CB0 /* main.m in Sources */ = {isa = PBXBuildFile; fileRef = 67AEAD342493A8E100A57CB0 /* main.m */; };
		67AEAD4D2493A8E100A57CB0 /* AppDelegate.m in Sources */ = {isa = PBXBuildFile; fileRef = 67AEAD352493A8E100A57CB0 /* AppDelegate.m */; };
		67AEAD4F2493A8E100A57CB0 /* Assets.xcassets in Resources */ = {isa = PBXBuildFile; fileRef = 67AEAD492493A8E100A57CB0 /* Assets.xcassets */; };
		67AEAD502493A8E100A57CB0 /* LaunchScreen.storyboard in Resources */ = {isa = PBXBuildFile; fileRef = 67AEAD4A2493A8E100A57CB0 /* LaunchScreen.storyboard */; };
		67D4707F2494FC2B00B5D967 /* ZYNavigationController.m in Sources */ = {isa = PBXBuildFile; fileRef = 67D4707E2494FC2B00B5D967 /* ZYNavigationController.m */; };
		67D470852494FFF900B5D967 /* UIBarButtonItem+ZYItem.m in Sources */ = {isa = PBXBuildFile; fileRef = 67D470842494FFF900B5D967 /* UIBarButtonItem+ZYItem.m */; };
		67D4708824950AF200B5D967 /* ZYSettingViewController.m in Sources */ = {isa = PBXBuildFile; fileRef = 67D4708724950AF200B5D967 /* ZYSettingViewController.m */; };
		67D47091249640BD00B5D967 /* LaunchImage@2x.png in Resources */ = {isa = PBXBuildFile; fileRef = 67D4708A249640BD00B5D967 /* LaunchImage@2x.png */; };
		67D47092249640BD00B5D967 /* LaunchImage-568h@2x.png in Resources */ = {isa = PBXBuildFile; fileRef = 67D4708B249640BD00B5D967 /* LaunchImage-568h@2x.png */; };
		67D47093249640BD00B5D967 /* LaunchImage-800-667h@2x.png in Resources */ = {isa = PBXBuildFile; fileRef = 67D4708C249640BD00B5D967 /* LaunchImage-800-667h@2x.png */; };
		67D47094249640BD00B5D967 /* LaunchImage-800-Portrait-736h@3x.png in Resources */ = {isa = PBXBuildFile; fileRef = 67D4708D249640BD00B5D967 /* LaunchImage-800-Portrait-736h@3x.png */; };
		67D47095249640BD00B5D967 /* LaunchImage-700@2x.png in Resources */ = {isa = PBXBuildFile; fileRef = 67D4708E249640BD00B5D967 /* LaunchImage-700@2x.png */; };
		67D47096249640BD00B5D967 /* LaunchImage-700-568h@2x.png in Resources */ = {isa = PBXBuildFile; fileRef = 67D4708F249640BD00B5D967 /* LaunchImage-700-568h@2x.png */; };
		67D47097249640BD00B5D967 /* LaunchImage.png in Resources */ = {isa = PBXBuildFile; fileRef = 67D47090249640BD00B5D967 /* LaunchImage.png */; };
		67D4709A24965F1500B5D967 /* ZYSubTagViewController.m in Sources */ = {isa = PBXBuildFile; fileRef = 67D4709924965F1500B5D967 /* ZYSubTagViewController.m */; };
		67FAB2D62493C0E500413243 /* ZYNetworkTool.m in Sources */ = {isa = PBXBuildFile; fileRef = 67FAB2D52493C0E500413243 /* ZYNetworkTool.m */; };
		67FAB2DA2493C9BC00413243 /* ZYAdvertController.m in Sources */ = {isa = PBXBuildFile; fileRef = 67FAB2D82493C9BC00413243 /* ZYAdvertController.m */; };
		67FAB2DB2493C9BC00413243 /* ZYAdvertController.xib in Resources */ = {isa = PBXBuildFile; fileRef = 67FAB2D92493C9BC00413243 /* ZYAdvertController.xib */; };
		67FAB2DE2493CEDD00413243 /* ZYTabBarController.m in Sources */ = {isa = PBXBuildFile; fileRef = 67FAB2DD2493CEDD00413243 /* ZYTabBarController.m */; };
		67FAB2E12493D08B00413243 /* ZYAdvertItem.m in Sources */ = {isa = PBXBuildFile; fileRef = 67FAB2E02493D08B00413243 /* ZYAdvertItem.m */; };
		67FAB2E424946B9F00413243 /* ZYEssenceViewController.m in Sources */ = {isa = PBXBuildFile; fileRef = 67FAB2E324946B9F00413243 /* ZYEssenceViewController.m */; };
		67FAB2E724946BE000413243 /* ZYPublishViewController.m in Sources */ = {isa = PBXBuildFile; fileRef = 67FAB2E624946BE000413243 /* ZYPublishViewController.m */; };
		67FAB2EA24946C0E00413243 /* ZYMeViewController.m in Sources */ = {isa = PBXBuildFile; fileRef = 67FAB2E924946C0E00413243 /* ZYMeViewController.m */; };
		67FAB2ED24946C3B00413243 /* ZYNewViewController.m in Sources */ = {isa = PBXBuildFile; fileRef = 67FAB2EC24946C3B00413243 /* ZYNewViewController.m */; };
		67FAB2F024946C8000413243 /* ZYFriendViewController.m in Sources */ = {isa = PBXBuildFile; fileRef = 67FAB2EF24946C8000413243 /* ZYFriendViewController.m */; };
		67FAB2F324946FC700413243 /* UIView+Farme.m in Sources */ = {isa = PBXBuildFile; fileRef = 67FAB2F224946FC700413243 /* UIView+Farme.m */; };
		67FAB2F624947DF600413243 /* UIImage+ZYRender.m in Sources */ = {isa = PBXBuildFile; fileRef = 67FAB2F524947DF600413243 /* UIImage+ZYRender.m */; };
/* End PBXBuildFile section */

/* Begin PBXFileReference section */
		2B02FD92BEE186158F087755 /* Pods-GXDZ.debug.xcconfig */ = {isa = PBXFileReference; includeInIndex = 1; lastKnownFileType = text.xcconfig; name = "Pods-GXDZ.debug.xcconfig"; path = "Target Support Files/Pods-GXDZ/Pods-GXDZ.debug.xcconfig"; sourceTree = "<group>"; };
		671C48B824972D57007E7E60 /* ZYSubTagItem.h */ = {isa = PBXFileReference; lastKnownFileType = sourcecode.c.h; path = ZYSubTagItem.h; sourceTree = "<group>"; };
		671C48B924972D57007E7E60 /* ZYSubTagItem.m */ = {isa = PBXFileReference; lastKnownFileType = sourcecode.c.objc; path = ZYSubTagItem.m; sourceTree = "<group>"; };
		671C48BB24972FF4007E7E60 /* ZYSubTagCell.h */ = {isa = PBXFileReference; lastKnownFileType = sourcecode.c.h; path = ZYSubTagCell.h; sourceTree = "<group>"; };
		671C48BC24972FF4007E7E60 /* ZYSubTagCell.m */ = {isa = PBXFileReference; lastKnownFileType = sourcecode.c.objc; path = ZYSubTagCell.m; sourceTree = "<group>"; };
		671C48BE2497CB86007E7E60 /* ZYTopBar.h */ = {isa = PBXFileReference; lastKnownFileType = sourcecode.c.h; path = ZYTopBar.h; sourceTree = "<group>"; };
		671C48BF2497CB86007E7E60 /* ZYTopBar.m */ = {isa = PBXFileReference; lastKnownFileType = sourcecode.c.objc; path = ZYTopBar.m; sourceTree = "<group>"; };
		671C48CA2497CD34007E7E60 /* ZYMiddleBar.h */ = {isa = PBXFileReference; lastKnownFileType = sourcecode.c.h; path = ZYMiddleBar.h; sourceTree = "<group>"; };
		671C48CB2497CD34007E7E60 /* ZYMiddleBar.m */ = {isa = PBXFileReference; lastKnownFileType = sourcecode.c.objc; path = ZYMiddleBar.m; sourceTree = "<group>"; };
		671C48CD2497CD6C007E7E60 /* ZYBottomBar.h */ = {isa = PBXFileReference; lastKnownFileType = sourcecode.c.h; path = ZYBottomBar.h; sourceTree = "<group>"; };
		671C48CE2497CD6C007E7E60 /* ZYBottomBar.m */ = {isa = PBXFileReference; lastKnownFileType = sourcecode.c.objc; path = ZYBottomBar.m; sourceTree = "<group>"; };
		671C48D024987DC1007E7E60 /* ZYQuickLogonButton.h */ = {isa = PBXFileReference; lastKnownFileType = sourcecode.c.h; path = ZYQuickLogonButton.h; sourceTree = "<group>"; };
		671C48D124987DC1007E7E60 /* ZYQuickLogonButton.m */ = {isa = PBXFileReference; lastKnownFileType = sourcecode.c.objc; path = ZYQuickLogonButton.m; sourceTree = "<group>"; };
		671C48D32498B492007E7E60 /* UIImage+ZYRevised.h */ = {isa = PBXFileReference; lastKnownFileType = sourcecode.c.h; path = "UIImage+ZYRevised.h"; sourceTree = "<group>"; };
		671C48D42498B492007E7E60 /* UIImage+ZYRevised.m */ = {isa = PBXFileReference; lastKnownFileType = sourcecode.c.objc; path = "UIImage+ZYRevised.m"; sourceTree = "<group>"; };
		671C48D62498BC83007E7E60 /* ZYLoginRegisterView.h */ = {isa = PBXFileReference; lastKnownFileType = sourcecode.c.h; path = ZYLoginRegisterView.h; sourceTree = "<group>"; };
		671C48D72498BC83007E7E60 /* ZYLoginRegisterView.m */ = {isa = PBXFileReference; lastKnownFileType = sourcecode.c.objc; path = ZYLoginRegisterView.m; sourceTree = "<group>"; };
		671C48D92498BECF007E7E60 /* ZYLoginView.h */ = {isa = PBXFileReference; lastKnownFileType = sourcecode.c.h; path = ZYLoginView.h; sourceTree = "<group>"; };
		671C48DA2498BECF007E7E60 /* ZYLoginView.m */ = {isa = PBXFileReference; lastKnownFileType = sourcecode.c.objc; path = ZYLoginView.m; sourceTree = "<group>"; };
		671C48DC2498BF5F007E7E60 /* ZYRegisterView.h */ = {isa = PBXFileReference; lastKnownFileType = sourcecode.c.h; path = ZYRegisterView.h; sourceTree = "<group>"; };
		671C48DD2498BF5F007E7E60 /* ZYRegisterView.m */ = {isa = PBXFileReference; lastKnownFileType = sourcecode.c.objc; path = ZYRegisterView.m; sourceTree = "<group>"; };
		671C48DF2498D843007E7E60 /* ZYLogOnViewController.m */ = {isa = PBXFileReference; lastKnownFileType = sourcecode.c.objc; path = ZYLogOnViewController.m; sourceTree = "<group>"; };
		671C48E12498E8D1007E7E60 /* ZYTextField.h */ = {isa = PBXFileReference; lastKnownFileType = sourcecode.c.h; path = ZYTextField.h; sourceTree = "<group>"; };
		671C48E22498E8D1007E7E60 /* ZYTextField.m */ = {isa = PBXFileReference; lastKnownFileType = sourcecode.c.objc; path = ZYTextField.m; sourceTree = "<group>"; };
		671C48E42499058B007E7E60 /* UITextField+ZYPlaceholderColor.h */ = {isa = PBXFileReference; lastKnownFileType = sourcecode.c.h; path = "UITextField+ZYPlaceholderColor.h"; sourceTree = "<group>"; };
		671C48E52499058B007E7E60 /* UITextField+ZYPlaceholderColor.m */ = {isa = PBXFileReference; lastKnownFileType = sourcecode.c.objc; path = "UITextField+ZYPlaceholderColor.m"; sourceTree = "<group>"; };
		671C48E72499CDF0007E7E60 /* ZYFooterView.h */ = {isa = PBXFileReference; lastKnownFileType = sourcecode.c.h; path = ZYFooterView.h; sourceTree = "<group>"; };
		671C48E82499CDF0007E7E60 /* ZYFooterView.m */ = {isa = PBXFileReference; lastKnownFileType = sourcecode.c.objc; path = ZYFooterView.m; sourceTree = "<group>"; };
		671C48EA2499DA20007E7E60 /* ZYSquareItem.h */ = {isa = PBXFileReference; lastKnownFileType = sourcecode.c.h; path = ZYSquareItem.h; sourceTree = "<group>"; };
		671C48EB2499DA20007E7E60 /* ZYSquareItem.m */ = {isa = PBXFileReference; lastKnownFileType = sourcecode.c.objc; path = ZYSquareItem.m; sourceTree = "<group>"; };
		671C48ED2499DDA4007E7E60 /* ZYFooterCell.h */ = {isa = PBXFileReference; lastKnownFileType = sourcecode.c.h; path = ZYFooterCell.h; sourceTree = "<group>"; };
		671C48EE2499DDA4007E7E60 /* ZYFooterCell.m */ = {isa = PBXFileReference; lastKnownFileType = sourcecode.c.objc; path = ZYFooterCell.m; sourceTree = "<group>"; };
		671C48F5249A51C3007E7E60 /* ZYSettingBaseViewController.h */ = {isa = PBXFileReference; lastKnownFileType = sourcecode.c.h; path = ZYSettingBaseViewController.h; sourceTree = "<group>"; };
		671C48F6249A51C3007E7E60 /* ZYSettingBaseViewController.m */ = {isa = PBXFileReference; lastKnownFileType = sourcecode.c.objc; path = ZYSettingBaseViewController.m; sourceTree = "<group>"; };
		671C48F8249A52A9007E7E60 /* ZYArrowItem.m */ = {isa = PBXFileReference; fileEncoding = 4; lastKnownFileType = sourcecode.c.objc; path = ZYArrowItem.m; sourceTree = "<group>"; };
		671C48F9249A52A9007E7E60 /* ZYSwitchItem.m */ = {isa = PBXFileReference; fileEncoding = 4; lastKnownFileType = sourcecode.c.objc; path = ZYSwitchItem.m; sourceTree = "<group>"; };
		671C48FA249A52A9007E7E60 /* ZYGroupItem.m */ = {isa = PBXFileReference; fileEncoding = 4; lastKnownFileType = sourcecode.c.objc; path = ZYGroupItem.m; sourceTree = "<group>"; };
		671C48FB249A52A9007E7E60 /* ZYRowItem.m */ = {isa = PBXFileReference; fileEncoding = 4; lastKnownFileType = sourcecode.c.objc; path = ZYRowItem.m; sourceTree = "<group>"; };
		671C48FC249A52A9007E7E60 /* ZYRowItem.h */ = {isa = PBXFileReference; fileEncoding = 4; lastKnownFileType = sourcecode.c.h; path = ZYRowItem.h; sourceTree = "<group>"; };
		671C48FD249A52A9007E7E60 /* ZYGroupItem.h */ = {isa = PBXFileReference; fileEncoding = 4; lastKnownFileType = sourcecode.c.h; path = ZYGroupItem.h; sourceTree = "<group>"; };
		671C48FE249A52A9007E7E60 /* ZYArrowItem.h */ = {isa = PBXFileReference; fileEncoding = 4; lastKnownFileType = sourcecode.c.h; path = ZYArrowItem.h; sourceTree = "<group>"; };
		671C48FF249A52A9007E7E60 /* ZYSwitchItem.h */ = {isa = PBXFileReference; fileEncoding = 4; lastKnownFileType = sourcecode.c.h; path = ZYSwitchItem.h; sourceTree = "<group>"; };
		671C4904249A5319007E7E60 /* ZYSettingCell.h */ = {isa = PBXFileReference; fileEncoding = 4; lastKnownFileType = sourcecode.c.h; path = ZYSettingCell.h; sourceTree = "<group>"; };
		671C4905249A5319007E7E60 /* ZYSettingCell.m */ = {isa = PBXFileReference; fileEncoding = 4; lastKnownFileType = sourcecode.c.objc; path = ZYSettingCell.m; sourceTree = "<group>"; };
		671C496E249B4931007E7E60 /* ZYTopTabBarController.h */ = {isa = PBXFileReference; lastKnownFileType = sourcecode.c.h; path = ZYTopTabBarController.h; sourceTree = "<group>"; };
		671C496F249B4931007E7E60 /* ZYTopTabBarController.m */ = {isa = PBXFileReference; lastKnownFileType = sourcecode.c.objc; path = ZYTopTabBarController.m; sourceTree = "<group>"; };
		671C498A249DA761007E7E60 /* ZYTopicCell.h */ = {isa = PBXFileReference; lastKnownFileType = sourcecode.c.h; path = ZYTopicCell.h; sourceTree = "<group>"; };
		671C498B249DA761007E7E60 /* ZYTopicCell.m */ = {isa = PBXFileReference; lastKnownFileType = sourcecode.c.objc; path = ZYTopicCell.m; sourceTree = "<group>"; };
		671C498E249DFDD3007E7E60 /* ZYTopicTextView.h */ = {isa = PBXFileReference; lastKnownFileType = sourcecode.c.h; path = ZYTopicTextView.h; sourceTree = "<group>"; };
		671C498F249DFDD3007E7E60 /* ZYTopicTextView.m */ = {isa = PBXFileReference; lastKnownFileType = sourcecode.c.objc; path = ZYTopicTextView.m; sourceTree = "<group>"; };
		671C4991249DFF49007E7E60 /* ZYTopicItem.h */ = {isa = PBXFileReference; lastKnownFileType = sourcecode.c.h; path = ZYTopicItem.h; sourceTree = "<group>"; };
		671C4992249DFF49007E7E60 /* ZYTopicItem.m */ = {isa = PBXFileReference; lastKnownFileType = sourcecode.c.objc; path = ZYTopicItem.m; sourceTree = "<group>"; };
		671C4994249E2586007E7E60 /* ZYTopicPictView.h */ = {isa = PBXFileReference; lastKnownFileType = sourcecode.c.h; path = ZYTopicPictView.h; sourceTree = "<group>"; };
		671C4995249E2586007E7E60 /* ZYTopicPictView.m */ = {isa = PBXFileReference; lastKnownFileType = sourcecode.c.objc; path = ZYTopicPictView.m; sourceTree = "<group>"; };
		671C4997249E267A007E7E60 /* ZYProgressView.h */ = {isa = PBXFileReference; lastKnownFileType = sourcecode.c.h; path = ZYProgressView.h; sourceTree = "<group>"; };
		671C4998249E267A007E7E60 /* ZYProgressView.m */ = {isa = PBXFileReference; lastKnownFileType = sourcecode.c.objc; path = ZYProgressView.m; sourceTree = "<group>"; };
		671C499A249E5125007E7E60 /* ZYTopicVideoView.h */ = {isa = PBXFileReference; lastKnownFileType = sourcecode.c.h; path = ZYTopicVideoView.h; sourceTree = "<group>"; };
		671C499B249E5125007E7E60 /* ZYTopicVideoView.m */ = {isa = PBXFileReference; lastKnownFileType = sourcecode.c.objc; path = ZYTopicVideoView.m; sourceTree = "<group>"; };
		671C499D249E5F42007E7E60 /* ZYTopicVoiceView.h */ = {isa = PBXFileReference; lastKnownFileType = sourcecode.c.h; path = ZYTopicVoiceView.h; sourceTree = "<group>"; };
		671C499E249E5F42007E7E60 /* ZYTopicVoiceView.m */ = {isa = PBXFileReference; lastKnownFileType = sourcecode.c.objc; path = ZYTopicVoiceView.m; sourceTree = "<group>"; };
		671C49A0249EFF97007E7E60 /* ZYTopicCommentView.h */ = {isa = PBXFileReference; lastKnownFileType = sourcecode.c.h; path = ZYTopicCommentView.h; sourceTree = "<group>"; };
		671C49A1249EFF97007E7E60 /* ZYTopicCommentView.m */ = {isa = PBXFileReference; lastKnownFileType = sourcecode.c.objc; path = ZYTopicCommentView.m; sourceTree = "<group>"; };
		671C49A3249F0215007E7E60 /* ZYCommentItem.h */ = {isa = PBXFileReference; lastKnownFileType = sourcecode.c.h; path = ZYCommentItem.h; sourceTree = "<group>"; };
		671C49A4249F0215007E7E60 /* ZYCommentItem.m */ = {isa = PBXFileReference; lastKnownFileType = sourcecode.c.objc; path = ZYCommentItem.m; sourceTree = "<group>"; };
		671C49A6249F02B4007E7E60 /* ZYUserItem.h */ = {isa = PBXFileReference; lastKnownFileType = sourcecode.c.h; path = ZYUserItem.h; sourceTree = "<group>"; };
		671C49A9249F1551007E7E60 /* ZYTopicBottomView.h */ = {isa = PBXFileReference; lastKnownFileType = sourcecode.c.h; path = ZYTopicBottomView.h; sourceTree = "<group>"; };
		671C49AA249F1551007E7E60 /* ZYTopicBottomView.m */ = {isa = PBXFileReference; lastKnownFileType = sourcecode.c.objc; path = ZYTopicBottomView.m; sourceTree = "<group>"; };
		671C49AF249F4C04007E7E60 /* NSDate+ZYDate.h */ = {isa = PBXFileReference; lastKnownFileType = sourcecode.c.h; path = "NSDate+ZYDate.h"; sourceTree = "<group>"; };
		671C49B0249F4C04007E7E60 /* NSDate+ZYDate.m */ = {isa = PBXFileReference; lastKnownFileType = sourcecode.c.objc; path = "NSDate+ZYDate.m"; sourceTree = "<group>"; };
		671C49B2249F6279007E7E60 /* ZYEnlargePictViewController.h */ = {isa = PBXFileReference; lastKnownFileType = sourcecode.c.h; path = ZYEnlargePictViewController.h; sourceTree = "<group>"; };
		671C49B3249F6279007E7E60 /* ZYEnlargePictViewController.m */ = {isa = PBXFileReference; lastKnownFileType = sourcecode.c.objc; path = ZYEnlargePictViewController.m; sourceTree = "<group>"; };
		671C49B524A037A7007E7E60 /* ZYPhotoManager.h */ = {isa = PBXFileReference; lastKnownFileType = sourcecode.c.h; path = ZYPhotoManager.h; sourceTree = "<group>"; };
		671C49B624A037A7007E7E60 /* ZYPhotoManager.m */ = {isa = PBXFileReference; lastKnownFileType = sourcecode.c.objc; path = ZYPhotoManager.m; sourceTree = "<group>"; };
		671C49BE24A1FEF3007E7E60 /* ZYTopicViewController.h */ = {isa = PBXFileReference; lastKnownFileType = sourcecode.c.h; path = ZYTopicViewController.h; sourceTree = "<group>"; };
		671C49BF24A1FEF4007E7E60 /* ZYTopicViewController.m */ = {isa = PBXFileReference; lastKnownFileType = sourcecode.c.objc; path = ZYTopicViewController.m; sourceTree = "<group>"; };
		671C49C124A205BD007E7E60 /* ZYUserItem.m */ = {isa = PBXFileReference; fileEncoding = 4; lastKnownFileType = sourcecode.c.objc; path = ZYUserItem.m; sourceTree = "<group>"; };
		67AEACFF2493A65900A57CB0 /* 搞笑段子.app */ = {isa = PBXFileReference; explicitFileType = wrapper.application; includeInIndex = 0; path = "搞笑段子.app"; sourceTree = BUILT_PRODUCTS_DIR; };
		67AEAD332493A8E100A57CB0 /* AppDelegate.h */ = {isa = PBXFileReference; fileEncoding = 4; lastKnownFileType = sourcecode.c.h; path = AppDelegate.h; sourceTree = "<group>"; };
		67AEAD342493A8E100A57CB0 /* main.m */ = {isa = PBXFileReference; fileEncoding = 4; lastKnownFileType = sourcecode.c.objc; path = main.m; sourceTree = "<group>"; };
		67AEAD352493A8E100A57CB0 /* AppDelegate.m */ = {isa = PBXFileReference; fileEncoding = 4; lastKnownFileType = sourcecode.c.objc; path = AppDelegate.m; sourceTree = "<group>"; };
		67AEAD362493A8E100A57CB0 /* Info.plist */ = {isa = PBXFileReference; fileEncoding = 4; lastKnownFileType = text.plist.xml; path = Info.plist; sourceTree = "<group>"; };
		67AEAD492493A8E100A57CB0 /* Assets.xcassets */ = {isa = PBXFileReference; lastKnownFileType = folder.assetcatalog; path = Assets.xcassets; sourceTree = "<group>"; };
		67AEAD4B2493A8E100A57CB0 /* Base */ = {isa = PBXFileReference; lastKnownFileType = file.storyboard; name = Base; path = Base.lproj/LaunchScreen.storyboard; sourceTree = "<group>"; };
		67AEAD782493AC2C00A57CB0 /* GXDZ.pch */ = {isa = PBXFileReference; lastKnownFileType = sourcecode.c.h; path = GXDZ.pch; sourceTree = "<group>"; };
		67D470782494F28E00B5D967 /* ZYLogOnViewController.h */ = {isa = PBXFileReference; lastKnownFileType = sourcecode.c.h; path = ZYLogOnViewController.h; sourceTree = "<group>"; };
		67D4707D2494FC2B00B5D967 /* ZYNavigationController.h */ = {isa = PBXFileReference; lastKnownFileType = sourcecode.c.h; path = ZYNavigationController.h; sourceTree = "<group>"; };
		67D4707E2494FC2B00B5D967 /* ZYNavigationController.m */ = {isa = PBXFileReference; lastKnownFileType = sourcecode.c.objc; path = ZYNavigationController.m; sourceTree = "<group>"; };
		67D470832494FFF900B5D967 /* UIBarButtonItem+ZYItem.h */ = {isa = PBXFileReference; lastKnownFileType = sourcecode.c.h; path = "UIBarButtonItem+ZYItem.h"; sourceTree = "<group>"; };
		67D470842494FFF900B5D967 /* UIBarButtonItem+ZYItem.m */ = {isa = PBXFileReference; lastKnownFileType = sourcecode.c.objc; path = "UIBarButtonItem+ZYItem.m"; sourceTree = "<group>"; };
		67D4708624950AF200B5D967 /* ZYSettingViewController.h */ = {isa = PBXFileReference; lastKnownFileType = sourcecode.c.h; path = ZYSettingViewController.h; sourceTree = "<group>"; };
		67D4708724950AF200B5D967 /* ZYSettingViewController.m */ = {isa = PBXFileReference; lastKnownFileType = sourcecode.c.objc; path = ZYSettingViewController.m; sourceTree = "<group>"; };
		67D4708A249640BD00B5D967 /* LaunchImage@2x.png */ = {isa = PBXFileReference; lastKnownFileType = image.png; path = "LaunchImage@2x.png"; sourceTree = "<group>"; };
		67D4708B249640BD00B5D967 /* LaunchImage-568h@2x.png */ = {isa = PBXFileReference; lastKnownFileType = image.png; path = "LaunchImage-568h@2x.png"; sourceTree = "<group>"; };
		67D4708C249640BD00B5D967 /* LaunchImage-800-667h@2x.png */ = {isa = PBXFileReference; lastKnownFileType = image.png; path = "LaunchImage-800-667h@2x.png"; sourceTree = "<group>"; };
		67D4708D249640BD00B5D967 /* LaunchImage-800-Portrait-736h@3x.png */ = {isa = PBXFileReference; lastKnownFileType = image.png; path = "LaunchImage-800-Portrait-736h@3x.png"; sourceTree = "<group>"; };
		67D4708E249640BD00B5D967 /* LaunchImage-700@2x.png */ = {isa = PBXFileReference; lastKnownFileType = image.png; path = "LaunchImage-700@2x.png"; sourceTree = "<group>"; };
		67D4708F249640BD00B5D967 /* LaunchImage-700-568h@2x.png */ = {isa = PBXFileReference; lastKnownFileType = image.png; path = "LaunchImage-700-568h@2x.png"; sourceTree = "<group>"; };
		67D47090249640BD00B5D967 /* LaunchImage.png */ = {isa = PBXFileReference; lastKnownFileType = image.png; path = LaunchImage.png; sourceTree = "<group>"; };
		67D4709824965F1500B5D967 /* ZYSubTagViewController.h */ = {isa = PBXFileReference; lastKnownFileType = sourcecode.c.h; path = ZYSubTagViewController.h; sourceTree = "<group>"; };
		67D4709924965F1500B5D967 /* ZYSubTagViewController.m */ = {isa = PBXFileReference; lastKnownFileType = sourcecode.c.objc; path = ZYSubTagViewController.m; sourceTree = "<group>"; };
		67FAB2D42493C0E500413243 /* ZYNetworkTool.h */ = {isa = PBXFileReference; lastKnownFileType = sourcecode.c.h; path = ZYNetworkTool.h; sourceTree = "<group>"; };
		67FAB2D52493C0E500413243 /* ZYNetworkTool.m */ = {isa = PBXFileReference; lastKnownFileType = sourcecode.c.objc; path = ZYNetworkTool.m; sourceTree = "<group>"; };
		67FAB2D72493C9BC00413243 /* ZYAdvertController.h */ = {isa = PBXFileReference; lastKnownFileType = sourcecode.c.h; path = ZYAdvertController.h; sourceTree = "<group>"; };
		67FAB2D82493C9BC00413243 /* ZYAdvertController.m */ = {isa = PBXFileReference; lastKnownFileType = sourcecode.c.objc; path = ZYAdvertController.m; sourceTree = "<group>"; };
		67FAB2D92493C9BC00413243 /* ZYAdvertController.xib */ = {isa = PBXFileReference; lastKnownFileType = file.xib; path = ZYAdvertController.xib; sourceTree = "<group>"; };
		67FAB2DC2493CEDD00413243 /* ZYTabBarController.h */ = {isa = PBXFileReference; lastKnownFileType = sourcecode.c.h; path = ZYTabBarController.h; sourceTree = "<group>"; };
		67FAB2DD2493CEDD00413243 /* ZYTabBarController.m */ = {isa = PBXFileReference; lastKnownFileType = sourcecode.c.objc; path = ZYTabBarController.m; sourceTree = "<group>"; };
		67FAB2DF2493D08B00413243 /* ZYAdvertItem.h */ = {isa = PBXFileReference; lastKnownFileType = sourcecode.c.h; path = ZYAdvertItem.h; sourceTree = "<group>"; };
		67FAB2E02493D08B00413243 /* ZYAdvertItem.m */ = {isa = PBXFileReference; lastKnownFileType = sourcecode.c.objc; path = ZYAdvertItem.m; sourceTree = "<group>"; };
		67FAB2E224946B9F00413243 /* ZYEssenceViewController.h */ = {isa = PBXFileReference; lastKnownFileType = sourcecode.c.h; path = ZYEssenceViewController.h; sourceTree = "<group>"; };
		67FAB2E324946B9F00413243 /* ZYEssenceViewController.m */ = {isa = PBXFileReference; lastKnownFileType = sourcecode.c.objc; path = ZYEssenceViewController.m; sourceTree = "<group>"; };
		67FAB2E524946BE000413243 /* ZYPublishViewController.h */ = {isa = PBXFileReference; lastKnownFileType = sourcecode.c.h; path = ZYPublishViewController.h; sourceTree = "<group>"; };
		67FAB2E624946BE000413243 /* ZYPublishViewController.m */ = {isa = PBXFileReference; lastKnownFileType = sourcecode.c.objc; path = ZYPublishViewController.m; sourceTree = "<group>"; };
		67FAB2E824946C0E00413243 /* ZYMeViewController.h */ = {isa = PBXFileReference; lastKnownFileType = sourcecode.c.h; path = ZYMeViewController.h; sourceTree = "<group>"; };
		67FAB2E924946C0E00413243 /* ZYMeViewController.m */ = {isa = PBXFileReference; lastKnownFileType = sourcecode.c.objc; path = ZYMeViewController.m; sourceTree = "<group>"; };
		67FAB2EB24946C3B00413243 /* ZYNewViewController.h */ = {isa = PBXFileReference; lastKnownFileType = sourcecode.c.h; path = ZYNewViewController.h; sourceTree = "<group>"; };
		67FAB2EC24946C3B00413243 /* ZYNewViewController.m */ = {isa = PBXFileReference; lastKnownFileType = sourcecode.c.objc; path = ZYNewViewController.m; sourceTree = "<group>"; };
		67FAB2EE24946C8000413243 /* ZYFriendViewController.h */ = {isa = PBXFileReference; lastKnownFileType = sourcecode.c.h; path = ZYFriendViewController.h; sourceTree = "<group>"; };
		67FAB2EF24946C8000413243 /* ZYFriendViewController.m */ = {isa = PBXFileReference; lastKnownFileType = sourcecode.c.objc; path = ZYFriendViewController.m; sourceTree = "<group>"; };
		67FAB2F124946FC700413243 /* UIView+Farme.h */ = {isa = PBXFileReference; fileEncoding = 4; lastKnownFileType = sourcecode.c.h; path = "UIView+Farme.h"; sourceTree = "<group>"; };
		67FAB2F224946FC700413243 /* UIView+Farme.m */ = {isa = PBXFileReference; fileEncoding = 4; lastKnownFileType = sourcecode.c.objc; path = "UIView+Farme.m"; sourceTree = "<group>"; };
		67FAB2F424947DF600413243 /* UIImage+ZYRender.h */ = {isa = PBXFileReference; lastKnownFileType = sourcecode.c.h; path = "UIImage+ZYRender.h"; sourceTree = "<group>"; };
		67FAB2F524947DF600413243 /* UIImage+ZYRender.m */ = {isa = PBXFileReference; lastKnownFileType = sourcecode.c.objc; path = "UIImage+ZYRender.m"; sourceTree = "<group>"; };
		A42F9E350AA40E2FB32990EA /* Pods_GXDZ.framework */ = {isa = PBXFileReference; explicitFileType = wrapper.framework; includeInIndex = 0; path = Pods_GXDZ.framework; sourceTree = BUILT_PRODUCTS_DIR; };
		E240CC9E632C84A394FE9A68 /* Pods-GXDZ.release.xcconfig */ = {isa = PBXFileReference; includeInIndex = 1; lastKnownFileType = text.xcconfig; name = "Pods-GXDZ.release.xcconfig"; path = "Target Support Files/Pods-GXDZ/Pods-GXDZ.release.xcconfig"; sourceTree = "<group>"; };
/* End PBXFileReference section */

/* Begin PBXFrameworksBuildPhase section */
		67AEACFC2493A65900A57CB0 /* Frameworks */ = {
			isa = PBXFrameworksBuildPhase;
			buildActionMask = 2147483647;
			files = (
				5FBE369504FAB6A8400DD241 /* Pods_GXDZ.framework in Frameworks */,
			);
			runOnlyForDeploymentPostprocessing = 0;
		};
/* End PBXFrameworksBuildPhase section */

/* Begin PBXGroup section */
		120CF98F4A44C28F1972DD92 /* Frameworks */ = {
			isa = PBXGroup;
			children = (
				A42F9E350AA40E2FB32990EA /* Pods_GXDZ.framework */,
			);
			name = Frameworks;
			sourceTree = "<group>";
		};
		4043069800DD70B340D7DA45 /* Pods */ = {
			isa = PBXGroup;
			children = (
				2B02FD92BEE186158F087755 /* Pods-GXDZ.debug.xcconfig */,
				E240CC9E632C84A394FE9A68 /* Pods-GXDZ.release.xcconfig */,
			);
			path = Pods;
			sourceTree = "<group>";
		};
		671C496A249B486B007E7E60 /* Base(精华,新帖) */ = {
			isa = PBXGroup;
			children = (
				671C496B249B486B007E7E60 /* Controller */,
				671C496C249B486B007E7E60 /* Model */,
				671C496D249B486B007E7E60 /* View */,
			);
			path = "Base(精华,新帖)";
			sourceTree = "<group>";
		};
		671C496B249B486B007E7E60 /* Controller */ = {
			isa = PBXGroup;
			children = (
				671C496E249B4931007E7E60 /* ZYTopTabBarController.h */,
				671C496F249B4931007E7E60 /* ZYTopTabBarController.m */,
			);
			path = Controller;
			sourceTree = "<group>";
		};
		671C496C249B486B007E7E60 /* Model */ = {
			isa = PBXGroup;
			children = (
			);
			path = Model;
			sourceTree = "<group>";
		};
		671C496D249B486B007E7E60 /* View */ = {
			isa = PBXGroup;
			children = (
			);
			path = View;
			sourceTree = "<group>";
		};
		671C498D249DFABF007E7E60 /* TopicSubviews */ = {
			isa = PBXGroup;
			children = (
				671C498E249DFDD3007E7E60 /* ZYTopicTextView.h */,
				671C498F249DFDD3007E7E60 /* ZYTopicTextView.m */,
				671C4994249E2586007E7E60 /* ZYTopicPictView.h */,
				671C4995249E2586007E7E60 /* ZYTopicPictView.m */,
				671C499A249E5125007E7E60 /* ZYTopicVideoView.h */,
				671C499B249E5125007E7E60 /* ZYTopicVideoView.m */,
				671C499D249E5F42007E7E60 /* ZYTopicVoiceView.h */,
				671C499E249E5F42007E7E60 /* ZYTopicVoiceView.m */,
				671C49A0249EFF97007E7E60 /* ZYTopicCommentView.h */,
				671C49A1249EFF97007E7E60 /* ZYTopicCommentView.m */,
				671C49A9249F1551007E7E60 /* ZYTopicBottomView.h */,
				671C49AA249F1551007E7E60 /* ZYTopicBottomView.m */,
			);
			path = TopicSubviews;
			sourceTree = "<group>";
		};
		67AEACF62493A65900A57CB0 = {
			isa = PBXGroup;
			children = (
				67AEAD012493A65900A57CB0 /* GXDZ */,
				67AEAD002493A65900A57CB0 /* Products */,
				4043069800DD70B340D7DA45 /* Pods */,
				120CF98F4A44C28F1972DD92 /* Frameworks */,
			);
			sourceTree = "<group>";
		};
		67AEAD002493A65900A57CB0 /* Products */ = {
			isa = PBXGroup;
			children = (
				67AEACFF2493A65900A57CB0 /* 搞笑段子.app */,
			);
			name = Products;
			sourceTree = "<group>";
		};
		67AEAD012493A65900A57CB0 /* GXDZ */ = {
			isa = PBXGroup;
			children = (
				67AEAD1B2493A8E100A57CB0 /* Classes */,
				67AEAD482493A8E100A57CB0 /* Resource */,
			);
			path = GXDZ;
			sourceTree = "<group>";
		};
		67AEAD1B2493A8E100A57CB0 /* Classes */ = {
			isa = PBXGroup;
			children = (
				671C496A249B486B007E7E60 /* Base(精华,新帖) */,
				67AEAD1C2493A8E100A57CB0 /* Essence(精华) */,
				67AEAD202493A8E100A57CB0 /* Friend(关注) */,
				67D470742494F23600B5D967 /* LogOn(登录) */,
				67AEAD242493A8E100A57CB0 /* Setting(设置) */,
				67AEAD282493A8E100A57CB0 /* Advert(广告) */,
				67AEAD2C2493A8E100A57CB0 /* New(新贴) */,
				67AEAD302493A8E100A57CB0 /* Other(其他) */,
				67AEAD3C2493A8E100A57CB0 /* Main(主要) */,
				67AEAD402493A8E100A57CB0 /* Me(我的) */,
				67AEAD442493A8E100A57CB0 /* Publish(发布) */,
			);
			path = Classes;
			sourceTree = "<group>";
		};
		67AEAD1C2493A8E100A57CB0 /* Essence(精华) */ = {
			isa = PBXGroup;
			children = (
				67AEAD1D2493A8E100A57CB0 /* Controller */,
				67AEAD1E2493A8E100A57CB0 /* Model */,
				67AEAD1F2493A8E100A57CB0 /* View */,
			);
			path = "Essence(精华)";
			sourceTree = "<group>";
		};
		67AEAD1D2493A8E100A57CB0 /* Controller */ = {
			isa = PBXGroup;
			children = (
				67FAB2E224946B9F00413243 /* ZYEssenceViewController.h */,
				671C49B2249F6279007E7E60 /* ZYEnlargePictViewController.h */,
				67FAB2E324946B9F00413243 /* ZYEssenceViewController.m */,
				671C49B3249F6279007E7E60 /* ZYEnlargePictViewController.m */,
				671C49BE24A1FEF3007E7E60 /* ZYTopicViewController.h */,
				671C49BF24A1FEF4007E7E60 /* ZYTopicViewController.m */,
			);
			path = Controller;
			sourceTree = "<group>";
		};
		67AEAD1E2493A8E100A57CB0 /* Model */ = {
			isa = PBXGroup;
			children = (
				671C4991249DFF49007E7E60 /* ZYTopicItem.h */,
				671C4992249DFF49007E7E60 /* ZYTopicItem.m */,
				671C49A3249F0215007E7E60 /* ZYCommentItem.h */,
				671C49A4249F0215007E7E60 /* ZYCommentItem.m */,
				671C49A6249F02B4007E7E60 /* ZYUserItem.h */,
				671C49C124A205BD007E7E60 /* ZYUserItem.m */,
			);
			path = Model;
			sourceTree = "<group>";
		};
		67AEAD1F2493A8E100A57CB0 /* View */ = {
			isa = PBXGroup;
			children = (
				671C498D249DFABF007E7E60 /* TopicSubviews */,
				671C498A249DA761007E7E60 /* ZYTopicCell.h */,
				671C498B249DA761007E7E60 /* ZYTopicCell.m */,
			);
			path = View;
			sourceTree = "<group>";
		};
		67AEAD202493A8E100A57CB0 /* Friend(关注) */ = {
			isa = PBXGroup;
			children = (
				67AEAD212493A8E100A57CB0 /* Controller */,
				67AEAD222493A8E100A57CB0 /* Model */,
				67AEAD232493A8E100A57CB0 /* View */,
			);
			path = "Friend(关注)";
			sourceTree = "<group>";
		};
		67AEAD212493A8E100A57CB0 /* Controller */ = {
			isa = PBXGroup;
			children = (
				67FAB2EE24946C8000413243 /* ZYFriendViewController.h */,
				67FAB2EF24946C8000413243 /* ZYFriendViewController.m */,
			);
			path = Controller;
			sourceTree = "<group>";
		};
		67AEAD222493A8E100A57CB0 /* Model */ = {
			isa = PBXGroup;
			children = (
			);
			path = Model;
			sourceTree = "<group>";
		};
		67AEAD232493A8E100A57CB0 /* View */ = {
			isa = PBXGroup;
			children = (
			);
			path = View;
			sourceTree = "<group>";
		};
		67AEAD242493A8E100A57CB0 /* Setting(设置) */ = {
			isa = PBXGroup;
			children = (
				67AEAD252493A8E100A57CB0 /* Controller */,
				67AEAD262493A8E100A57CB0 /* Model */,
				67AEAD272493A8E100A57CB0 /* View */,
			);
			path = "Setting(设置)";
			sourceTree = "<group>";
		};
		67AEAD252493A8E100A57CB0 /* Controller */ = {
			isa = PBXGroup;
			children = (
				67D4708624950AF200B5D967 /* ZYSettingViewController.h */,
				67D4708724950AF200B5D967 /* ZYSettingViewController.m */,
				671C48F5249A51C3007E7E60 /* ZYSettingBaseViewController.h */,
				671C48F6249A51C3007E7E60 /* ZYSettingBaseViewController.m */,
			);
			path = Controller;
			sourceTree = "<group>";
		};
		67AEAD262493A8E100A57CB0 /* Model */ = {
			isa = PBXGroup;
			children = (
				671C48FE249A52A9007E7E60 /* ZYArrowItem.h */,
				671C48F8249A52A9007E7E60 /* ZYArrowItem.m */,
				671C48FD249A52A9007E7E60 /* ZYGroupItem.h */,
				671C48FA249A52A9007E7E60 /* ZYGroupItem.m */,
				671C48FC249A52A9007E7E60 /* ZYRowItem.h */,
				671C48FB249A52A9007E7E60 /* ZYRowItem.m */,
				671C48FF249A52A9007E7E60 /* ZYSwitchItem.h */,
				671C48F9249A52A9007E7E60 /* ZYSwitchItem.m */,
			);
			path = Model;
			sourceTree = "<group>";
		};
		67AEAD272493A8E100A57CB0 /* View */ = {
			isa = PBXGroup;
			children = (
				671C4904249A5319007E7E60 /* ZYSettingCell.h */,
				671C4905249A5319007E7E60 /* ZYSettingCell.m */,
			);
			path = View;
			sourceTree = "<group>";
		};
		67AEAD282493A8E100A57CB0 /* Advert(广告) */ = {
			isa = PBXGroup;
			children = (
				67AEAD292493A8E100A57CB0 /* Controller */,
				67AEAD2A2493A8E100A57CB0 /* Model */,
				67AEAD2B2493A8E100A57CB0 /* View */,
			);
			path = "Advert(广告)";
			sourceTree = "<group>";
		};
		67AEAD292493A8E100A57CB0 /* Controller */ = {
			isa = PBXGroup;
			children = (
				67FAB2D72493C9BC00413243 /* ZYAdvertController.h */,
				67FAB2D82493C9BC00413243 /* ZYAdvertController.m */,
				67FAB2D92493C9BC00413243 /* ZYAdvertController.xib */,
			);
			path = Controller;
			sourceTree = "<group>";
		};
		67AEAD2A2493A8E100A57CB0 /* Model */ = {
			isa = PBXGroup;
			children = (
				67FAB2DF2493D08B00413243 /* ZYAdvertItem.h */,
				67FAB2E02493D08B00413243 /* ZYAdvertItem.m */,
			);
			path = Model;
			sourceTree = "<group>";
		};
		67AEAD2B2493A8E100A57CB0 /* View */ = {
			isa = PBXGroup;
			children = (
			);
			path = View;
			sourceTree = "<group>";
		};
		67AEAD2C2493A8E100A57CB0 /* New(新贴) */ = {
			isa = PBXGroup;
			children = (
				67AEAD2D2493A8E100A57CB0 /* Controller */,
				67AEAD2E2493A8E100A57CB0 /* Model */,
				67AEAD2F2493A8E100A57CB0 /* View */,
			);
			path = "New(新贴)";
			sourceTree = "<group>";
		};
		67AEAD2D2493A8E100A57CB0 /* Controller */ = {
			isa = PBXGroup;
			children = (
				67FAB2EB24946C3B00413243 /* ZYNewViewController.h */,
				67FAB2EC24946C3B00413243 /* ZYNewViewController.m */,
				67D4709824965F1500B5D967 /* ZYSubTagViewController.h */,
				67D4709924965F1500B5D967 /* ZYSubTagViewController.m */,
			);
			path = Controller;
			sourceTree = "<group>";
		};
		67AEAD2E2493A8E100A57CB0 /* Model */ = {
			isa = PBXGroup;
			children = (
				671C48B824972D57007E7E60 /* ZYSubTagItem.h */,
				671C48B924972D57007E7E60 /* ZYSubTagItem.m */,
			);
			path = Model;
			sourceTree = "<group>";
		};
		67AEAD2F2493A8E100A57CB0 /* View */ = {
			isa = PBXGroup;
			children = (
				671C48BB24972FF4007E7E60 /* ZYSubTagCell.h */,
				671C48BC24972FF4007E7E60 /* ZYSubTagCell.m */,
			);
			path = View;
			sourceTree = "<group>";
		};
		67AEAD302493A8E100A57CB0 /* Other(其他) */ = {
			isa = PBXGroup;
			children = (
				67AEAD312493A8E100A57CB0 /* Category */,
				67AEAD322493A8E100A57CB0 /* System */,
				67AEAD372493A8E100A57CB0 /* Tool */,
			);
			path = "Other(其他)";
			sourceTree = "<group>";
		};
		67AEAD312493A8E100A57CB0 /* Category */ = {
			isa = PBXGroup;
			children = (
				67FAB2F124946FC700413243 /* UIView+Farme.h */,
				67FAB2F224946FC700413243 /* UIView+Farme.m */,
				67FAB2F424947DF600413243 /* UIImage+ZYRender.h */,
				67FAB2F524947DF600413243 /* UIImage+ZYRender.m */,
				671C48D32498B492007E7E60 /* UIImage+ZYRevised.h */,
				671C48D42498B492007E7E60 /* UIImage+ZYRevised.m */,
				67D470832494FFF900B5D967 /* UIBarButtonItem+ZYItem.h */,
				67D470842494FFF900B5D967 /* UIBarButtonItem+ZYItem.m */,
				671C48E42499058B007E7E60 /* UITextField+ZYPlaceholderColor.h */,
				671C48E52499058B007E7E60 /* UITextField+ZYPlaceholderColor.m */,
				671C49AF249F4C04007E7E60 /* NSDate+ZYDate.h */,
				671C49B0249F4C04007E7E60 /* NSDate+ZYDate.m */,
			);
			path = Category;
			sourceTree = "<group>";
		};
		67AEAD322493A8E100A57CB0 /* System */ = {
			isa = PBXGroup;
			children = (
				67AEAD332493A8E100A57CB0 /* AppDelegate.h */,
				67AEAD352493A8E100A57CB0 /* AppDelegate.m */,
				67AEAD782493AC2C00A57CB0 /* GXDZ.pch */,
				67AEAD342493A8E100A57CB0 /* main.m */,
				67AEAD362493A8E100A57CB0 /* Info.plist */,
			);
			path = System;
			sourceTree = "<group>";
		};
		67AEAD372493A8E100A57CB0 /* Tool */ = {
			isa = PBXGroup;
			children = (
				67FAB2D42493C0E500413243 /* ZYNetworkTool.h */,
				67FAB2D52493C0E500413243 /* ZYNetworkTool.m */,
				671C4997249E267A007E7E60 /* ZYProgressView.h */,
				671C4998249E267A007E7E60 /* ZYProgressView.m */,
				671C49B524A037A7007E7E60 /* ZYPhotoManager.h */,
				671C49B624A037A7007E7E60 /* ZYPhotoManager.m */,
			);
			path = Tool;
			sourceTree = "<group>";
		};
		67AEAD3C2493A8E100A57CB0 /* Main(主要) */ = {
			isa = PBXGroup;
			children = (
				67AEAD3D2493A8E100A57CB0 /* Controller */,
				67AEAD3E2493A8E100A57CB0 /* Model */,
				67AEAD3F2493A8E100A57CB0 /* View */,
			);
			path = "Main(主要)";
			sourceTree = "<group>";
		};
		67AEAD3D2493A8E100A57CB0 /* Controller */ = {
			isa = PBXGroup;
			children = (
				67FAB2DC2493CEDD00413243 /* ZYTabBarController.h */,
				67FAB2DD2493CEDD00413243 /* ZYTabBarController.m */,
				67D4707D2494FC2B00B5D967 /* ZYNavigationController.h */,
				67D4707E2494FC2B00B5D967 /* ZYNavigationController.m */,
			);
			path = Controller;
			sourceTree = "<group>";
		};
		67AEAD3E2493A8E100A57CB0 /* Model */ = {
			isa = PBXGroup;
			children = (
			);
			path = Model;
			sourceTree = "<group>";
		};
		67AEAD3F2493A8E100A57CB0 /* View */ = {
			isa = PBXGroup;
			children = (
			);
			path = View;
			sourceTree = "<group>";
		};
		67AEAD402493A8E100A57CB0 /* Me(我的) */ = {
			isa = PBXGroup;
			children = (
				67AEAD412493A8E100A57CB0 /* Controller */,
				67AEAD422493A8E100A57CB0 /* Model */,
				67AEAD432493A8E100A57CB0 /* View */,
			);
			path = "Me(我的)";
			sourceTree = "<group>";
		};
		67AEAD412493A8E100A57CB0 /* Controller */ = {
			isa = PBXGroup;
			children = (
				67FAB2E824946C0E00413243 /* ZYMeViewController.h */,
				67FAB2E924946C0E00413243 /* ZYMeViewController.m */,
			);
			path = Controller;
			sourceTree = "<group>";
		};
		67AEAD422493A8E100A57CB0 /* Model */ = {
			isa = PBXGroup;
			children = (
				671C48EA2499DA20007E7E60 /* ZYSquareItem.h */,
				671C48EB2499DA20007E7E60 /* ZYSquareItem.m */,
			);
			path = Model;
			sourceTree = "<group>";
		};
		67AEAD432493A8E100A57CB0 /* View */ = {
			isa = PBXGroup;
			children = (
				671C48E72499CDF0007E7E60 /* ZYFooterView.h */,
				671C48E82499CDF0007E7E60 /* ZYFooterView.m */,
				671C48ED2499DDA4007E7E60 /* ZYFooterCell.h */,
				671C48EE2499DDA4007E7E60 /* ZYFooterCell.m */,
			);
			path = View;
			sourceTree = "<group>";
		};
		67AEAD442493A8E100A57CB0 /* Publish(发布) */ = {
			isa = PBXGroup;
			children = (
				67AEAD452493A8E100A57CB0 /* Controller */,
				67AEAD462493A8E100A57CB0 /* Model */,
				67AEAD472493A8E100A57CB0 /* View */,
			);
			path = "Publish(发布)";
			sourceTree = "<group>";
		};
		67AEAD452493A8E100A57CB0 /* Controller */ = {
			isa = PBXGroup;
			children = (
				67FAB2E524946BE000413243 /* ZYPublishViewController.h */,
				67FAB2E624946BE000413243 /* ZYPublishViewController.m */,
			);
			path = Controller;
			sourceTree = "<group>";
		};
		67AEAD462493A8E100A57CB0 /* Model */ = {
			isa = PBXGroup;
			children = (
			);
			path = Model;
			sourceTree = "<group>";
		};
		67AEAD472493A8E100A57CB0 /* View */ = {
			isa = PBXGroup;
			children = (
			);
			path = View;
			sourceTree = "<group>";
		};
		67AEAD482493A8E100A57CB0 /* Resource */ = {
			isa = PBXGroup;
			children = (
				67D47089249640BD00B5D967 /* LaunchImage */,
				67AEAD492493A8E100A57CB0 /* Assets.xcassets */,
				67AEAD4A2493A8E100A57CB0 /* LaunchScreen.storyboard */,
			);
			path = Resource;
			sourceTree = "<group>";
		};
		67D470742494F23600B5D967 /* LogOn(登录) */ = {
			isa = PBXGroup;
			children = (
				67D470752494F23600B5D967 /* Controller */,
				67D470762494F23600B5D967 /* Model */,
				67D470772494F23600B5D967 /* View */,
			);
			name = "LogOn(登录)";
			path = "GXDZ/Classes/LogOn(登录)";
			sourceTree = SOURCE_ROOT;
		};
		67D470752494F23600B5D967 /* Controller */ = {
			isa = PBXGroup;
			children = (
				67D470782494F28E00B5D967 /* ZYLogOnViewController.h */,
				671C48DF2498D843007E7E60 /* ZYLogOnViewController.m */,
			);
			path = Controller;
			sourceTree = "<group>";
		};
		67D470762494F23600B5D967 /* Model */ = {
			isa = PBXGroup;
			children = (
			);
			path = Model;
			sourceTree = "<group>";
		};
		67D470772494F23600B5D967 /* View */ = {
			isa = PBXGroup;
			children = (
				671C48BE2497CB86007E7E60 /* ZYTopBar.h */,
				671C48BF2497CB86007E7E60 /* ZYTopBar.m */,
				671C48CA2497CD34007E7E60 /* ZYMiddleBar.h */,
				671C48CB2497CD34007E7E60 /* ZYMiddleBar.m */,
				671C48CD2497CD6C007E7E60 /* ZYBottomBar.h */,
				671C48CE2497CD6C007E7E60 /* ZYBottomBar.m */,
				671C48D024987DC1007E7E60 /* ZYQuickLogonButton.h */,
				671C48D124987DC1007E7E60 /* ZYQuickLogonButton.m */,
				671C48D92498BECF007E7E60 /* ZYLoginView.h */,
				671C48DA2498BECF007E7E60 /* ZYLoginView.m */,
				671C48DC2498BF5F007E7E60 /* ZYRegisterView.h */,
				671C48DD2498BF5F007E7E60 /* ZYRegisterView.m */,
				671C48D62498BC83007E7E60 /* ZYLoginRegisterView.h */,
				671C48D72498BC83007E7E60 /* ZYLoginRegisterView.m */,
				671C48E12498E8D1007E7E60 /* ZYTextField.h */,
				671C48E22498E8D1007E7E60 /* ZYTextField.m */,
			);
			path = View;
			sourceTree = "<group>";
		};
		67D47089249640BD00B5D967 /* LaunchImage */ = {
			isa = PBXGroup;
			children = (
				67D4708A249640BD00B5D967 /* LaunchImage@2x.png */,
				67D4708B249640BD00B5D967 /* LaunchImage-568h@2x.png */,
				67D4708C249640BD00B5D967 /* LaunchImage-800-667h@2x.png */,
				67D4708D249640BD00B5D967 /* LaunchImage-800-Portrait-736h@3x.png */,
				67D4708E249640BD00B5D967 /* LaunchImage-700@2x.png */,
				67D4708F249640BD00B5D967 /* LaunchImage-700-568h@2x.png */,
				67D47090249640BD00B5D967 /* LaunchImage.png */,
			);
			path = LaunchImage;
			sourceTree = "<group>";
		};
/* End PBXGroup section */

/* Begin PBXNativeTarget section */
		67AEACFE2493A65900A57CB0 /* GXDZ */ = {
			isa = PBXNativeTarget;
			buildConfigurationList = 67AEAD182493A65A00A57CB0 /* Build configuration list for PBXNativeTarget "GXDZ" */;
			buildPhases = (
				B216168931A600B04AD337C3 /* [CP] Check Pods Manifest.lock */,
				67AEACFB2493A65900A57CB0 /* Sources */,
				67AEACFC2493A65900A57CB0 /* Frameworks */,
				67AEACFD2493A65900A57CB0 /* Resources */,
				6E3C608ADBFCCCA2DC73E113 /* [CP] Embed Pods Frameworks */,
			);
			buildRules = (
			);
			dependencies = (
			);
			name = GXDZ;
			productName = GXDZ;
			productReference = 67AEACFF2493A65900A57CB0 /* 搞笑段子.app */;
			productType = "com.apple.product-type.application";
		};
/* End PBXNativeTarget section */

/* Begin PBXProject section */
		67AEACF72493A65900A57CB0 /* Project object */ = {
			isa = PBXProject;
			attributes = {
				CLASSPREFIX = ZY;
				LastUpgradeCheck = 1150;
				ORGANIZATIONNAME = "ZYP OnTheRoad";
				TargetAttributes = {
					67AEACFE2493A65900A57CB0 = {
						CreatedOnToolsVersion = 11.5;
					};
				};
			};
			buildConfigurationList = 67AEACFA2493A65900A57CB0 /* Build configuration list for PBXProject "GXDZ" */;
			compatibilityVersion = "Xcode 9.3";
			developmentRegion = en;
			hasScannedForEncodings = 0;
			knownRegions = (
				en,
				Base,
			);
			mainGroup = 67AEACF62493A65900A57CB0;
			productRefGroup = 67AEAD002493A65900A57CB0 /* Products */;
			projectDirPath = "";
			projectRoot = "";
			targets = (
				67AEACFE2493A65900A57CB0 /* GXDZ */,
			);
		};
/* End PBXProject section */

/* Begin PBXResourcesBuildPhase section */
		67AEACFD2493A65900A57CB0 /* Resources */ = {
			isa = PBXResourcesBuildPhase;
			buildActionMask = 2147483647;
			files = (
				67AEAD502493A8E100A57CB0 /* LaunchScreen.storyboard in Resources */,
				67AEAD4F2493A8E100A57CB0 /* Assets.xcassets in Resources */,
				67FAB2DB2493C9BC00413243 /* ZYAdvertController.xib in Resources */,
				67D47094249640BD00B5D967 /* LaunchImage-800-Portrait-736h@3x.png in Resources */,
				67D47092249640BD00B5D967 /* LaunchImage-568h@2x.png in Resources */,
				67D47096249640BD00B5D967 /* LaunchImage-700-568h@2x.png in Resources */,
				67D47095249640BD00B5D967 /* LaunchImage-700@2x.png in Resources */,
				67D47093249640BD00B5D967 /* LaunchImage-800-667h@2x.png in Resources */,
				67D47091249640BD00B5D967 /* LaunchImage@2x.png in Resources */,
				67D47097249640BD00B5D967 /* LaunchImage.png in Resources */,
			);
			runOnlyForDeploymentPostprocessing = 0;
		};
/* End PBXResourcesBuildPhase section */

/* Begin PBXShellScriptBuildPhase section */
		6E3C608ADBFCCCA2DC73E113 /* [CP] Embed Pods Frameworks */ = {
			isa = PBXShellScriptBuildPhase;
			buildActionMask = 2147483647;
			files = (
			);
			inputFileListPaths = (
				"${PODS_ROOT}/Target Support Files/Pods-GXDZ/Pods-GXDZ-frameworks-${CONFIGURATION}-input-files.xcfilelist",
			);
			name = "[CP] Embed Pods Frameworks";
			outputFileListPaths = (
				"${PODS_ROOT}/Target Support Files/Pods-GXDZ/Pods-GXDZ-frameworks-${CONFIGURATION}-output-files.xcfilelist",
			);
			runOnlyForDeploymentPostprocessing = 0;
			shellPath = /bin/sh;
			shellScript = "\"${PODS_ROOT}/Target Support Files/Pods-GXDZ/Pods-GXDZ-frameworks.sh\"\n";
			showEnvVarsInLog = 0;
		};
		B216168931A600B04AD337C3 /* [CP] Check Pods Manifest.lock */ = {
			isa = PBXShellScriptBuildPhase;
			buildActionMask = 2147483647;
			files = (
			);
			inputFileListPaths = (
			);
			inputPaths = (
				"${PODS_PODFILE_DIR_PATH}/Podfile.lock",
				"${PODS_ROOT}/Manifest.lock",
			);
			name = "[CP] Check Pods Manifest.lock";
			outputFileListPaths = (
			);
			outputPaths = (
				"$(DERIVED_FILE_DIR)/Pods-GXDZ-checkManifestLockResult.txt",
			);
			runOnlyForDeploymentPostprocessing = 0;
			shellPath = /bin/sh;
			shellScript = "diff \"${PODS_PODFILE_DIR_PATH}/Podfile.lock\" \"${PODS_ROOT}/Manifest.lock\" > /dev/null\nif [ $? != 0 ] ; then\n    # print error to STDERR\n    echo \"error: The sandbox is not in sync with the Podfile.lock. Run 'pod install' or update your CocoaPods installation.\" >&2\n    exit 1\nfi\n# This output is used by Xcode 'outputs' to avoid re-running this script phase.\necho \"SUCCESS\" > \"${SCRIPT_OUTPUT_FILE_0}\"\n";
			showEnvVarsInLog = 0;
		};
/* End PBXShellScriptBuildPhase section */

/* Begin PBXSourcesBuildPhase section */
		67AEACFB2493A65900A57CB0 /* Sources */ = {
			isa = PBXSourcesBuildPhase;
			buildActionMask = 2147483647;
			files = (
				671C48DB2498BECF007E7E60 /* ZYLoginView.m in Sources */,
				671C48D224987DC1007E7E60 /* ZYQuickLogonButton.m in Sources */,
				671C48DE2498BF5F007E7E60 /* ZYRegisterView.m in Sources */,
				671C48D52498B492007E7E60 /* UIImage+ZYRevised.m in Sources */,
				67FAB2DA2493C9BC00413243 /* ZYAdvertController.m in Sources */,
				671C49AB249F1551007E7E60 /* ZYTopicBottomView.m in Sources */,
				67FAB2E12493D08B00413243 /* ZYAdvertItem.m in Sources */,
				671C48EF2499DDA4007E7E60 /* ZYFooterCell.m in Sources */,
				671C49B724A037A7007E7E60 /* ZYPhotoManager.m in Sources */,
				671C4996249E2586007E7E60 /* ZYTopicPictView.m in Sources */,
				671C499C249E5125007E7E60 /* ZYTopicVideoView.m in Sources */,
				671C49C224A205BD007E7E60 /* ZYUserItem.m in Sources */,
				671C498C249DA761007E7E60 /* ZYTopicCell.m in Sources */,
				671C48C02497CB86007E7E60 /* ZYTopBar.m in Sources */,
				671C48E02498D843007E7E60 /* ZYLogOnViewController.m in Sources */,
				671C499F249E5F42007E7E60 /* ZYTopicVoiceView.m in Sources */,
				671C4900249A52A9007E7E60 /* ZYArrowItem.m in Sources */,
				671C48E62499058B007E7E60 /* UITextField+ZYPlaceholderColor.m in Sources */,
				671C49A2249EFF97007E7E60 /* ZYTopicCommentView.m in Sources */,
				67FAB2ED24946C3B00413243 /* ZYNewViewController.m in Sources */,
				671C49C024A1FEF4007E7E60 /* ZYTopicViewController.m in Sources */,
				67AEAD4D2493A8E100A57CB0 /* AppDelegate.m in Sources */,
				671C48CF2497CD6C007E7E60 /* ZYBottomBar.m in Sources */,
				67AEAD4C2493A8E100A57CB0 /* main.m in Sources */,
				67FAB2DE2493CEDD00413243 /* ZYTabBarController.m in Sources */,
				671C49B4249F6279007E7E60 /* ZYEnlargePictViewController.m in Sources */,
				671C4903249A52A9007E7E60 /* ZYRowItem.m in Sources */,
				67FAB2E724946BE000413243 /* ZYPublishViewController.m in Sources */,
				671C49A5249F0215007E7E60 /* ZYCommentItem.m in Sources */,
				671C48CC2497CD34007E7E60 /* ZYMiddleBar.m in Sources */,
				67D4707F2494FC2B00B5D967 /* ZYNavigationController.m in Sources */,
				67D4708824950AF200B5D967 /* ZYSettingViewController.m in Sources */,
				671C48F7249A51C3007E7E60 /* ZYSettingBaseViewController.m in Sources */,
				671C48BD24972FF4007E7E60 /* ZYSubTagCell.m in Sources */,
				67FAB2EA24946C0E00413243 /* ZYMeViewController.m in Sources */,
				67D4709A24965F1500B5D967 /* ZYSubTagViewController.m in Sources */,
				671C4990249DFDD3007E7E60 /* ZYTopicTextView.m in Sources */,
				671C4970249B4931007E7E60 /* ZYTopTabBarController.m in Sources */,
				671C48E32498E8D1007E7E60 /* ZYTextField.m in Sources */,
				67FAB2F324946FC700413243 /* UIView+Farme.m in Sources */,
				671C48BA24972D57007E7E60 /* ZYSubTagItem.m in Sources */,
				671C49B1249F4C04007E7E60 /* NSDate+ZYDate.m in Sources */,
				67FAB2E424946B9F00413243 /* ZYEssenceViewController.m in Sources */,
				67FAB2F624947DF600413243 /* UIImage+ZYRender.m in Sources */,
				671C4999249E267A007E7E60 /* ZYProgressView.m in Sources */,
				671C4901249A52A9007E7E60 /* ZYSwitchItem.m in Sources */,
				671C48D82498BC83007E7E60 /* ZYLoginRegisterView.m in Sources */,
				671C4902249A52A9007E7E60 /* ZYGroupItem.m in Sources */,
				671C4993249DFF49007E7E60 /* ZYTopicItem.m in Sources */,
				67FAB2F024946C8000413243 /* ZYFriendViewController.m in Sources */,
				671C48EC2499DA20007E7E60 /* ZYSquareItem.m in Sources */,
				671C4906249A5319007E7E60 /* ZYSettingCell.m in Sources */,
				67D470852494FFF900B5D967 /* UIBarButtonItem+ZYItem.m in Sources */,
				67FAB2D62493C0E500413243 /* ZYNetworkTool.m in Sources */,
				671C48E92499CDF0007E7E60 /* ZYFooterView.m in Sources */,
			);
			runOnlyForDeploymentPostprocessing = 0;
		};
/* End PBXSourcesBuildPhase section */

/* Begin PBXVariantGroup section */
		67AEAD4A2493A8E100A57CB0 /* LaunchScreen.storyboard */ = {
			isa = PBXVariantGroup;
			children = (
				67AEAD4B2493A8E100A57CB0 /* Base */,
			);
			name = LaunchScreen.storyboard;
			sourceTree = "<group>";
		};
/* End PBXVariantGroup section */

/* Begin XCBuildConfiguration section */
		67AEAD162493A65A00A57CB0 /* Debug */ = {
			isa = XCBuildConfiguration;
			buildSettings = {
				ALWAYS_SEARCH_USER_PATHS = NO;
				CLANG_ANALYZER_NONNULL = YES;
				CLANG_ANALYZER_NUMBER_OBJECT_CONVERSION = YES_AGGRESSIVE;
				CLANG_CXX_LANGUAGE_STANDARD = "gnu++14";
				CLANG_CXX_LIBRARY = "libc++";
				CLANG_ENABLE_MODULES = YES;
				CLANG_ENABLE_OBJC_ARC = YES;
				CLANG_ENABLE_OBJC_WEAK = YES;
				CLANG_WARN_BLOCK_CAPTURE_AUTORELEASING = YES;
				CLANG_WARN_BOOL_CONVERSION = YES;
				CLANG_WARN_COMMA = YES;
				CLANG_WARN_CONSTANT_CONVERSION = YES;
				CLANG_WARN_DEPRECATED_OBJC_IMPLEMENTATIONS = YES;
				CLANG_WARN_DIRECT_OBJC_ISA_USAGE = YES_ERROR;
				CLANG_WARN_DOCUMENTATION_COMMENTS = YES;
				CLANG_WARN_EMPTY_BODY = YES;
				CLANG_WARN_ENUM_CONVERSION = YES;
				CLANG_WARN_INFINITE_RECURSION = YES;
				CLANG_WARN_INT_CONVERSION = YES;
				CLANG_WARN_NON_LITERAL_NULL_CONVERSION = YES;
				CLANG_WARN_OBJC_IMPLICIT_RETAIN_SELF = YES;
				CLANG_WARN_OBJC_LITERAL_CONVERSION = YES;
				CLANG_WARN_OBJC_ROOT_CLASS = YES_ERROR;
				CLANG_WARN_RANGE_LOOP_ANALYSIS = YES;
				CLANG_WARN_STRICT_PROTOTYPES = YES;
				CLANG_WARN_SUSPICIOUS_MOVE = YES;
				CLANG_WARN_UNGUARDED_AVAILABILITY = YES_AGGRESSIVE;
				CLANG_WARN_UNREACHABLE_CODE = YES;
				CLANG_WARN__DUPLICATE_METHOD_MATCH = YES;
				COPY_PHASE_STRIP = NO;
				DEBUG_INFORMATION_FORMAT = dwarf;
				ENABLE_STRICT_OBJC_MSGSEND = YES;
				ENABLE_TESTABILITY = YES;
				GCC_C_LANGUAGE_STANDARD = gnu11;
				GCC_DYNAMIC_NO_PIC = NO;
				GCC_NO_COMMON_BLOCKS = YES;
				GCC_OPTIMIZATION_LEVEL = 0;
				GCC_PREPROCESSOR_DEFINITIONS = (
					"DEBUG=1",
					"$(inherited)",
				);
				GCC_WARN_64_TO_32_BIT_CONVERSION = YES;
				GCC_WARN_ABOUT_RETURN_TYPE = YES_ERROR;
				GCC_WARN_UNDECLARED_SELECTOR = YES;
				GCC_WARN_UNINITIALIZED_AUTOS = YES_AGGRESSIVE;
				GCC_WARN_UNUSED_FUNCTION = YES;
				GCC_WARN_UNUSED_VARIABLE = YES;
				IPHONEOS_DEPLOYMENT_TARGET = 10.0;
				MTL_ENABLE_DEBUG_INFO = INCLUDE_SOURCE;
				MTL_FAST_MATH = YES;
				ONLY_ACTIVE_ARCH = YES;
				SDKROOT = iphoneos;
			};
			name = Debug;
		};
		67AEAD172493A65A00A57CB0 /* Release */ = {
			isa = XCBuildConfiguration;
			buildSettings = {
				ALWAYS_SEARCH_USER_PATHS = NO;
				CLANG_ANALYZER_NONNULL = YES;
				CLANG_ANALYZER_NUMBER_OBJECT_CONVERSION = YES_AGGRESSIVE;
				CLANG_CXX_LANGUAGE_STANDARD = "gnu++14";
				CLANG_CXX_LIBRARY = "libc++";
				CLANG_ENABLE_MODULES = YES;
				CLANG_ENABLE_OBJC_ARC = YES;
				CLANG_ENABLE_OBJC_WEAK = YES;
				CLANG_WARN_BLOCK_CAPTURE_AUTORELEASING = YES;
				CLANG_WARN_BOOL_CONVERSION = YES;
				CLANG_WARN_COMMA = YES;
				CLANG_WARN_CONSTANT_CONVERSION = YES;
				CLANG_WARN_DEPRECATED_OBJC_IMPLEMENTATIONS = YES;
				CLANG_WARN_DIRECT_OBJC_ISA_USAGE = YES_ERROR;
				CLANG_WARN_DOCUMENTATION_COMMENTS = YES;
				CLANG_WARN_EMPTY_BODY = YES;
				CLANG_WARN_ENUM_CONVERSION = YES;
				CLANG_WARN_INFINITE_RECURSION = YES;
				CLANG_WARN_INT_CONVERSION = YES;
				CLANG_WARN_NON_LITERAL_NULL_CONVERSION = YES;
				CLANG_WARN_OBJC_IMPLICIT_RETAIN_SELF = YES;
				CLANG_WARN_OBJC_LITERAL_CONVERSION = YES;
				CLANG_WARN_OBJC_ROOT_CLASS = YES_ERROR;
				CLANG_WARN_RANGE_LOOP_ANALYSIS = YES;
				CLANG_WARN_STRICT_PROTOTYPES = YES;
				CLANG_WARN_SUSPICIOUS_MOVE = YES;
				CLANG_WARN_UNGUARDED_AVAILABILITY = YES_AGGRESSIVE;
				CLANG_WARN_UNREACHABLE_CODE = YES;
				CLANG_WARN__DUPLICATE_METHOD_MATCH = YES;
				COPY_PHASE_STRIP = NO;
				DEBUG_INFORMATION_FORMAT = "dwarf-with-dsym";
				ENABLE_NS_ASSERTIONS = NO;
				ENABLE_STRICT_OBJC_MSGSEND = YES;
				GCC_C_LANGUAGE_STANDARD = gnu11;
				GCC_NO_COMMON_BLOCKS = YES;
				GCC_WARN_64_TO_32_BIT_CONVERSION = YES;
				GCC_WARN_ABOUT_RETURN_TYPE = YES_ERROR;
				GCC_WARN_UNDECLARED_SELECTOR = YES;
				GCC_WARN_UNINITIALIZED_AUTOS = YES_AGGRESSIVE;
				GCC_WARN_UNUSED_FUNCTION = YES;
				GCC_WARN_UNUSED_VARIABLE = YES;
				IPHONEOS_DEPLOYMENT_TARGET = 10.0;
				MTL_ENABLE_DEBUG_INFO = NO;
				MTL_FAST_MATH = YES;
				SDKROOT = iphoneos;
				VALIDATE_PRODUCT = YES;
			};
			name = Release;
		};
		67AEAD192493A65A00A57CB0 /* Debug */ = {
			isa = XCBuildConfiguration;
			baseConfigurationReference = 2B02FD92BEE186158F087755 /* Pods-GXDZ.debug.xcconfig */;
			buildSettings = {
				ASSETCATALOG_COMPILER_APPICON_NAME = AppIcon;
				CODE_SIGN_STYLE = Automatic;
				GCC_PRECOMPILE_PREFIX_HEADER = YES;
				GCC_PREFIX_HEADER = "GXDZ/Classes/Other(其他)/System/GXDZ.pch";
				INFOPLIST_FILE = "GXDZ/Classes/Other(其他)/System/Info.plist";
				LD_RUNPATH_SEARCH_PATHS = (
					"$(inherited)",
					"@executable_path/Frameworks",
				);
				PRODUCT_BUNDLE_IDENTIFIER = ZYP.GXDZ;
				PRODUCT_NAME = "搞笑段子";
				TARGETED_DEVICE_FAMILY = "1,2";
			};
			name = Debug;
		};
		67AEAD1A2493A65A00A57CB0 /* Release */ = {
			isa = XCBuildConfiguration;
			baseConfigurationReference = E240CC9E632C84A394FE9A68 /* Pods-GXDZ.release.xcconfig */;
			buildSettings = {
				ASSETCATALOG_COMPILER_APPICON_NAME = AppIcon;
				CODE_SIGN_STYLE = Automatic;
				GCC_PRECOMPILE_PREFIX_HEADER = YES;
				GCC_PREFIX_HEADER = "GXDZ/Classes/Other(其他)/System/GXDZ.pch";
				INFOPLIST_FILE = "GXDZ/Classes/Other(其他)/System/Info.plist";
				LD_RUNPATH_SEARCH_PATHS = (
					"$(inherited)",
					"@executable_path/Frameworks",
				);
				PRODUCT_BUNDLE_IDENTIFIER = ZYP.GXDZ;
				PRODUCT_NAME = "搞笑段子";
				TARGETED_DEVICE_FAMILY = "1,2";
			};
			name = Release;
		};
/* End XCBuildConfiguration section */

/* Begin XCConfigurationList section */
		67AEACFA2493A65900A57CB0 /* Build configuration list for PBXProject "GXDZ" */ = {
			isa = XCConfigurationList;
			buildConfigurations = (
				67AEAD162493A65A00A57CB0 /* Debug */,
				67AEAD172493A65A00A57CB0 /* Release */,
			);
			defaultConfigurationIsVisible = 0;
			defaultConfigurationName = Release;
		};
		67AEAD182493A65A00A57CB0 /* Build configuration list for PBXNativeTarget "GXDZ" */ = {
			isa = XCConfigurationList;
			buildConfigurations = (
				67AEAD192493A65A00A57CB0 /* Debug */,
				67AEAD1A2493A65A00A57CB0 /* Release */,
			);
			defaultConfigurationIsVisible = 0;
			defaultConfigurationName = Release;
		};
/* End XCConfigurationList section */
	};
	rootObject = 67AEACF72493A65900A57CB0 /* Project object */;
}
